{
  "requires": true,
  "lockfileVersion": 1,
  "dependencies": {
    "asap": {
      "version": "2.0.4",
      "resolved": "https://registry.npmjs.org/asap/-/asap-2.0.4.tgz",
      "integrity": "sha1-s5G/f2v7xlcGAi/sj0nEsH/s9Yk="
    },
    "core-js": {
      "version": "1.2.7",
      "resolved": "https://registry.npmjs.org/core-js/-/core-js-1.2.7.tgz",
      "integrity": "sha1-ZSKUwUZR2yj6k70tX/KYOk8IxjY="
    },
    "encoding": {
      "version": "0.1.12",
      "resolved": "https://registry.npmjs.org/encoding/-/encoding-0.1.12.tgz",
      "integrity": "sha1-U4tm8+5izRq1HsMjgp0flIDHS+s=",
      "requires": {
        "iconv-lite": "0.4.13"
      }
    },
    "fbjs": {
      "version": "0.8.4",
      "resolved": "https://registry.npmjs.org/fbjs/-/fbjs-0.8.4.tgz",
      "integrity": "sha1-h1zjWCr5UlUgvbncX2HpUfpARvE=",
      "requires": {
        "core-js": "1.2.7",
        "immutable": "3.8.1",
        "isomorphic-fetch": "2.2.1",
        "loose-envify": "1.2.0",
        "object-assign": "4.1.0",
        "promise": "7.1.1",
        "ua-parser-js": "0.7.10"
      }
    },
    "iconv-lite": {
      "version": "0.4.13",
      "resolved": "https://registry.npmjs.org/iconv-lite/-/iconv-lite-0.4.13.tgz",
      "integrity": "sha1-H4irpKsLFQjoMSrMOTRfNumS4vI="
    },
    "immutable": {
      "version": "3.8.1",
      "resolved": "https://registry.npmjs.org/immutable/-/immutable-3.8.1.tgz",
      "integrity": "sha1-IAgH8Rqw9ycQ6khVQt4IgHX2jNI="
    },
    "is-stream": {
      "version": "1.1.0",
      "resolved": "https://registry.npmjs.org/is-stream/-/is-stream-1.1.0.tgz",
      "integrity": "sha1-EtSj3U5o4Lec6428hBc66A2RykQ="
    },
    "isomorphic-fetch": {
      "version": "2.2.1",
      "resolved": "https://registry.npmjs.org/isomorphic-fetch/-/isomorphic-fetch-2.2.1.tgz",
      "integrity": "sha1-YRrhrPFPXoH3KVB0coGf6XM1WKk=",
      "requires": {
        "node-fetch": "1.6.0",
        "whatwg-fetch": "1.0.0"
      }
    },
    "js-tokens": {
      "version": "1.0.3",
      "resolved": "https://registry.npmjs.org/js-tokens/-/js-tokens-1.0.3.tgz",
      "integrity": "sha1-FOVutoyPGpLEPVn1AU7CncIPKuE="
    },
    "loose-envify": {
      "version": "1.2.0",
      "resolved": "https://registry.npmjs.org/loose-envify/-/loose-envify-1.2.0.tgz",
      "integrity": "sha1-aaZarT3lQs9O4PT+dOjjPHCcyw8=",
      "requires": {
        "js-tokens": "1.0.3"
      }
    },
    "node-fetch": {
      "version": "1.6.0",
      "resolved": "https://registry.npmjs.org/node-fetch/-/node-fetch-1.6.0.tgz",
      "integrity": "sha1-AMzYEcZXruni8Nef0iVvvP/XM6I=",
      "requires": {
        "encoding": "0.1.12",
        "is-stream": "1.1.0"
      }
    },
    "object-assign": {
      "version": "4.1.0",
      "resolved": "https://registry.npmjs.org/object-assign/-/object-assign-4.1.0.tgz",
      "integrity": "sha1-ejs9DpgGPUP0wD8uiubNUahog6A="
    },
    "promise": {
      "version": "7.1.1",
      "resolved": "https://registry.npmjs.org/promise/-/promise-7.1.1.tgz",
      "integrity": "sha1-SJZUxpJha4qlWwck+oCbt9tJxb8=",
      "requires": {
        "asap": "2.0.4"
      }
    },
    "react": {
      "version": "15.3.1",
      "resolved": "https://registry.npmjs.org/react/-/react-15.3.1.tgz",
      "integrity": "sha1-94UB7YwuxubjHDIjZS6X8TadK9Y=",
      "requires": {
        "fbjs": "0.8.4",
        "loose-envify": "1.2.0",
        "object-assign": "4.1.0"
      }
    },
    "react-addons-create-fragment": {
      "version": "15.3.1",
      "resolved": "https://registry.npmjs.org/react-addons-create-fragment/-/react-addons-create-fragment-15.3.1.tgz",
      "integrity": "sha1-qfCfZs+eqDsipdjSimVYzN6oODs="
    },
    "react-addons-css-transition-group": {
      "version": "15.3.1",
      "resolved": "https://registry.npmjs.org/react-addons-css-transition-group/-/react-addons-css-transition-group-15.3.1.tgz",
      "integrity": "sha1-uC7lRF65YnSsCiWtZeXWeqCKmtg="
    },
    "react-addons-linked-state-mixin": {
      "version": "15.3.1",
      "resolved": "https://registry.npmjs.org/react-addons-linked-state-mixin/-/react-addons-linked-state-mixin-15.3.1.tgz",
      "integrity": "sha1-hli4C/0o/j76aHvH3YwrxikJLBY="
    },
    "react-addons-perf": {
      "version": "15.3.1",
      "resolved": "https://registry.npmjs.org/react-addons-perf/-/react-addons-perf-15.3.1.tgz",
      "integrity": "sha1-of1WflveJsDoabmfxJVL6YYMW70="
    },
    "react-addons-pure-render-mixin": {
      "version": "15.3.1",
      "resolved": "https://registry.npmjs.org/react-addons-pure-render-mixin/-/react-addons-pure-render-mixin-15.3.1.tgz",
      "integrity": "sha1-deh5D/e5Q0rkgaN37AdQNCDVq6Y="
    },
    "react-addons-test-utils": {
      "version": "15.3.1",
      "resolved": "https://registry.npmjs.org/react-addons-test-utils/-/react-addons-test-utils-15.3.1.tgz",
      "integrity": "sha1-s7ZOFdfYX20ZACDcpkEhhoSxEk0="
    },
    "react-addons-transition-group": {
      "version": "15.3.1",
      "resolved": "https://registry.npmjs.org/react-addons-transition-group/-/react-addons-transition-group-15.3.1.tgz",
      "integrity": "sha1-gIB+RoVgTLEg88tKjE69HJFKWGE="
    },
    "react-addons-update": {
      "version": "15.3.1",
      "resolved": "https://registry.npmjs.org/react-addons-update/-/react-addons-update-15.3.1.tgz",
      "integrity": "sha1-pO+n2+Ys0HIXcE9pr/Jr8QDcdpo="
    },
    "react-dom": {
      "version": "15.3.1",
      "resolved": "https://registry.npmjs.org/react-dom/-/react-dom-15.3.1.tgz",
      "integrity": "sha1-bULNK2TIxeC2k/P/rsMB5uYn4k4="
    },
    "ua-parser-js": {
      "version": "0.7.10",
      "resolved": "https://registry.npmjs.org/ua-parser-js/-/ua-parser-js-0.7.10.tgz",
      "integrity": "sha1-kXVZ3czgfLwJ7OfYBJXkwmj0758="
    },
    "whatwg-fetch": {
      "version": "1.0.0",
      "resolved": "https://registry.npmjs.org/whatwg-fetch/-/whatwg-fetch-1.0.0.tgz",
      "integrity": "sha1-AcKsTfQOI2qqGEgOO+dL1cjreY4="
    }
  }
}
